
Microsoft Visual Studio Solution File, Format Version 12.00
# Visual Studio Version 17
VisualStudioVersion = 17.4.33205.214
MinimumVisualStudioVersion = 10.0.40219.1
Project("{FAE04EC0-301F-11D3-BF4B-00C04F79EFBC}") = "test restsharp", "test restsharp.csproj", "{09958B30-3B0B-4DFF-8E48-33161A5CC4CC}"
EndProject
Global
	GlobalSection(SolutionConfigurationPlatforms) = preSolution
		Debug|Any CPU = Debug|Any CPU
		Release|Any CPU = Release|Any CPU
	EndGlobalSection
	GlobalSection(ProjectConfigurationPlatforms) = postSolution
		{09958B30-3B0B-4DFF-8E48-33161A5CC4CC}.Debug|Any CPU.ActiveCfg = Debug|Any CPU
		{09958B30-3B0B-4DFF-8E48-33161A5CC4CC}.Debug|Any CPU.Build.0 = Debug|Any CPU
		{09958B30-3B0B-4DFF-8E48-33161A5CC4CC}.Release|Any CPU.ActiveCfg = Release|Any CPU
		{09958B30-3B0B-4DFF-8E48-33161A5CC4CC}.Release|Any CPU.Build.0 = Release|Any CPU
	EndGlobalSection
	GlobalSection(SolutionProperties) = preSolution
		HideSolutionNode = FALSE
	EndGlobalSection
	GlobalSection(ExtensibilityGlobals) = postSolution
		SolutionGuid = {A47951DC-017B-44A9-9D26-8ABCCFEFD62A}
	EndGlobalSection
EndGlobal
